// !$*UTF8*$!
{
	archiveVersion = 1;
	classes = {
	};
	objectVersion = 46;
	objects = {

/* Begin PBXBuildFile section */
		63FFC775C27BAA108B7DB75D /* Pods_Volunteer_AppUITests.framework in Frameworks */ = {isa = PBXBuildFile; fileRef = 6EF20200EBD9AB9556160495 /* Pods_Volunteer_AppUITests.framework */; };
		9D1DE802937FF3D2202361DC /* Pods_Volunteer_App.framework in Frameworks */ = {isa = PBXBuildFile; fileRef = A59D52752E89AFDDD9181E8F /* Pods_Volunteer_App.framework */; };
		CFABBDAC1F5E880A009B2B9C /* AccountView.swift in Sources */ = {isa = PBXBuildFile; fileRef = CFABBDAB1F5E880A009B2B9C /* AccountView.swift */; };
		CFB720271F63F67F00AB28FA /* GoogleService-Info.plist in Resources */ = {isa = PBXBuildFile; fileRef = CFB720261F63F67F00AB28FA /* GoogleService-Info.plist */; };
		CFDDD66F1F5B6BE40074B8AB /* AppDelegate.swift in Sources */ = {isa = PBXBuildFile; fileRef = CFDDD66E1F5B6BE40074B8AB /* AppDelegate.swift */; };
		CFDDD6711F5B6BE40074B8AB /* ViewController.swift in Sources */ = {isa = PBXBuildFile; fileRef = CFDDD6701F5B6BE40074B8AB /* ViewController.swift */; };
		CFDDD6741F5B6BE40074B8AB /* Main.storyboard in Resources */ = {isa = PBXBuildFile; fileRef = CFDDD6721F5B6BE40074B8AB /* Main.storyboard */; };
		CFDDD6761F5B6BE40074B8AB /* Assets.xcassets in Resources */ = {isa = PBXBuildFile; fileRef = CFDDD6751F5B6BE40074B8AB /* Assets.xcassets */; };
		CFDDD6791F5B6BE40074B8AB /* LaunchScreen.storyboard in Resources */ = {isa = PBXBuildFile; fileRef = CFDDD6771F5B6BE40074B8AB /* LaunchScreen.storyboard */; };
		CFDDD6841F5B6BE40074B8AB /* Volunteer_AppTests.swift in Sources */ = {isa = PBXBuildFile; fileRef = CFDDD6831F5B6BE40074B8AB /* Volunteer_AppTests.swift */; };
		CFDDD68F1F5B6BE40074B8AB /* Volunteer_AppUITests.swift in Sources */ = {isa = PBXBuildFile; fileRef = CFDDD68E1F5B6BE40074B8AB /* Volunteer_AppUITests.swift */; };
		CFDDD69D1F5B72810074B8AB /* Volunteer.swift in Sources */ = {isa = PBXBuildFile; fileRef = CFDDD69C1F5B72810074B8AB /* Volunteer.swift */; };
		CFDDD6AB1F5B76C20074B8AB /* Users.xcdatamodeld in Sources */ = {isa = PBXBuildFile; fileRef = CFDDD6A91F5B76C20074B8AB /* Users.xcdatamodeld */; };
		CFDDD6AF1F5B82DE0074B8AB /* SignUp.swift in Sources */ = {isa = PBXBuildFile; fileRef = CFDDD6AE1F5B82DE0074B8AB /* SignUp.swift */; };
		CFDDD6B11F5BBC660074B8AB /* HomePage.swift in Sources */ = {isa = PBXBuildFile; fileRef = CFDDD6B01F5BBC660074B8AB /* HomePage.swift */; };
		CFDDD6B31F5BBF7F0074B8AB /* InitialVC.swift in Sources */ = {isa = PBXBuildFile; fileRef = CFDDD6B21F5BBF7F0074B8AB /* InitialVC.swift */; };
		ED001A0E3EF48CB483F892F3 /* Pods_Volunteer_AppTests.framework in Frameworks */ = {isa = PBXBuildFile; fileRef = D2EC17F91D4E9CC271104A11 /* Pods_Volunteer_AppTests.framework */; };
/* End PBXBuildFile section */

/* Begin PBXContainerItemProxy section */
		CFDDD6801F5B6BE40074B8AB /* PBXContainerItemProxy */ = {
			isa = PBXContainerItemProxy;
			containerPortal = CFDDD6631F5B6BE40074B8AB /* Project object */;
			proxyType = 1;
			remoteGlobalIDString = CFDDD66A1F5B6BE40074B8AB;
			remoteInfo = "Volunteer App";
		};
		CFDDD68B1F5B6BE40074B8AB /* PBXContainerItemProxy */ = {
			isa = PBXContainerItemProxy;
			containerPortal = CFDDD6631F5B6BE40074B8AB /* Project object */;
			proxyType = 1;
			remoteGlobalIDString = CFDDD66A1F5B6BE40074B8AB;
			remoteInfo = "Volunteer App";
		};
/* End PBXContainerItemProxy section */

/* Begin PBXCopyFilesBuildPhase section */
		CFDDD6A81F5B767E0074B8AB /* Embed Frameworks */ = {
			isa = PBXCopyFilesBuildPhase;
			buildActionMask = 2147483647;
			dstPath = "";
			dstSubfolderSpec = 10;
			files = (
			);
			name = "Embed Frameworks";
			runOnlyForDeploymentPostprocessing = 0;
		};
/* End PBXCopyFilesBuildPhase section */

/* Begin PBXFileReference section */
		0B8785F40E9CD53546796AD4 /* Pods-Volunteer AppUITests.release.xcconfig */ = {isa = PBXFileReference; includeInIndex = 1; lastKnownFileType = text.xcconfig; name = "Pods-Volunteer AppUITests.release.xcconfig"; path = "Pods/Target Support Files/Pods-Volunteer AppUITests/Pods-Volunteer AppUITests.release.xcconfig"; sourceTree = "<group>"; };
		192B95599DBCE29C36865D18 /* Pods-Volunteer App.release.xcconfig */ = {isa = PBXFileReference; includeInIndex = 1; lastKnownFileType = text.xcconfig; name = "Pods-Volunteer App.release.xcconfig"; path = "Pods/Target Support Files/Pods-Volunteer App/Pods-Volunteer App.release.xcconfig"; sourceTree = "<group>"; };
		6EF20200EBD9AB9556160495 /* Pods_Volunteer_AppUITests.framework */ = {isa = PBXFileReference; explicitFileType = wrapper.framework; includeInIndex = 0; path = Pods_Volunteer_AppUITests.framework; sourceTree = BUILT_PRODUCTS_DIR; };
		81F2682AF9F742BAD9273EA8 /* Pods-Volunteer AppTests.debug.xcconfig */ = {isa = PBXFileReference; includeInIndex = 1; lastKnownFileType = text.xcconfig; name = "Pods-Volunteer AppTests.debug.xcconfig"; path = "Pods/Target Support Files/Pods-Volunteer AppTests/Pods-Volunteer AppTests.debug.xcconfig"; sourceTree = "<group>"; };
		A59D52752E89AFDDD9181E8F /* Pods_Volunteer_App.framework */ = {isa = PBXFileReference; explicitFileType = wrapper.framework; includeInIndex = 0; path = Pods_Volunteer_App.framework; sourceTree = BUILT_PRODUCTS_DIR; };
		A600F7ECB29AA379BA179D1F /* Pods-Volunteer App.debug.xcconfig */ = {isa = PBXFileReference; includeInIndex = 1; lastKnownFileType = text.xcconfig; name = "Pods-Volunteer App.debug.xcconfig"; path = "Pods/Target Support Files/Pods-Volunteer App/Pods-Volunteer App.debug.xcconfig"; sourceTree = "<group>"; };
		C724FE4955879701A5726F20 /* Pods-Volunteer AppUITests.debug.xcconfig */ = {isa = PBXFileReference; includeInIndex = 1; lastKnownFileType = text.xcconfig; name = "Pods-Volunteer AppUITests.debug.xcconfig"; path = "Pods/Target Support Files/Pods-Volunteer AppUITests/Pods-Volunteer AppUITests.debug.xcconfig"; sourceTree = "<group>"; };
		CFABBDAB1F5E880A009B2B9C /* AccountView.swift */ = {isa = PBXFileReference; fileEncoding = 4; lastKnownFileType = sourcecode.swift; path = AccountView.swift; sourceTree = "<group>"; };
		CFB720261F63F67F00AB28FA /* GoogleService-Info.plist */ = {isa = PBXFileReference; fileEncoding = 4; lastKnownFileType = text.plist.xml; path = "GoogleService-Info.plist"; sourceTree = "<group>"; };
		CFDDD66B1F5B6BE40074B8AB /* Volunteer App.app */ = {isa = PBXFileReference; explicitFileType = wrapper.application; includeInIndex = 0; path = "Volunteer App.app"; sourceTree = BUILT_PRODUCTS_DIR; };
		CFDDD66E1F5B6BE40074B8AB /* AppDelegate.swift */ = {isa = PBXFileReference; lastKnownFileType = sourcecode.swift; path = AppDelegate.swift; sourceTree = "<group>"; };
		CFDDD6701F5B6BE40074B8AB /* ViewController.swift */ = {isa = PBXFileReference; lastKnownFileType = sourcecode.swift; path = ViewController.swift; sourceTree = "<group>"; };
		CFDDD6731F5B6BE40074B8AB /* Base */ = {isa = PBXFileReference; lastKnownFileType = file.storyboard; name = Base; path = Base.lproj/Main.storyboard; sourceTree = "<group>"; };
		CFDDD6751F5B6BE40074B8AB /* Assets.xcassets */ = {isa = PBXFileReference; lastKnownFileType = folder.assetcatalog; path = Assets.xcassets; sourceTree = "<group>"; };
		CFDDD6781F5B6BE40074B8AB /* Base */ = {isa = PBXFileReference; lastKnownFileType = file.storyboard; name = Base; path = Base.lproj/LaunchScreen.storyboard; sourceTree = "<group>"; };
		CFDDD67A1F5B6BE40074B8AB /* Info.plist */ = {isa = PBXFileReference; lastKnownFileType = text.plist.xml; path = Info.plist; sourceTree = "<group>"; };
		CFDDD67F1F5B6BE40074B8AB /* Volunteer AppTests.xctest */ = {isa = PBXFileReference; explicitFileType = wrapper.cfbundle; includeInIndex = 0; path = "Volunteer AppTests.xctest"; sourceTree = BUILT_PRODUCTS_DIR; };
		CFDDD6831F5B6BE40074B8AB /* Volunteer_AppTests.swift */ = {isa = PBXFileReference; lastKnownFileType = sourcecode.swift; path = Volunteer_AppTests.swift; sourceTree = "<group>"; };
		CFDDD6851F5B6BE40074B8AB /* Info.plist */ = {isa = PBXFileReference; lastKnownFileType = text.plist.xml; path = Info.plist; sourceTree = "<group>"; };
		CFDDD68A1F5B6BE40074B8AB /* Volunteer AppUITests.xctest */ = {isa = PBXFileReference; explicitFileType = wrapper.cfbundle; includeInIndex = 0; path = "Volunteer AppUITests.xctest"; sourceTree = BUILT_PRODUCTS_DIR; };
		CFDDD68E1F5B6BE40074B8AB /* Volunteer_AppUITests.swift */ = {isa = PBXFileReference; lastKnownFileType = sourcecode.swift; path = Volunteer_AppUITests.swift; sourceTree = "<group>"; };
		CFDDD6901F5B6BE40074B8AB /* Info.plist */ = {isa = PBXFileReference; lastKnownFileType = text.plist.xml; path = Info.plist; sourceTree = "<group>"; };
		CFDDD69C1F5B72810074B8AB /* Volunteer.swift */ = {isa = PBXFileReference; fileEncoding = 4; lastKnownFileType = sourcecode.swift; path = Volunteer.swift; sourceTree = "<group>"; };
		CFDDD6AA1F5B76C20074B8AB /* Users.xcdatamodel */ = {isa = PBXFileReference; lastKnownFileType = wrapper.xcdatamodel; path = Users.xcdatamodel; sourceTree = "<group>"; };
		CFDDD6AE1F5B82DE0074B8AB /* SignUp.swift */ = {isa = PBXFileReference; fileEncoding = 4; lastKnownFileType = sourcecode.swift; path = SignUp.swift; sourceTree = "<group>"; xcLanguageSpecificationIdentifier = xcode.lang.simpleColoring; };
		CFDDD6B01F5BBC660074B8AB /* HomePage.swift */ = {isa = PBXFileReference; fileEncoding = 4; lastKnownFileType = sourcecode.swift; path = HomePage.swift; sourceTree = "<group>"; };
		CFDDD6B21F5BBF7F0074B8AB /* InitialVC.swift */ = {isa = PBXFileReference; fileEncoding = 4; lastKnownFileType = sourcecode.swift; path = InitialVC.swift; sourceTree = "<group>"; };
		D2EC17F91D4E9CC271104A11 /* Pods_Volunteer_AppTests.framework */ = {isa = PBXFileReference; explicitFileType = wrapper.framework; includeInIndex = 0; path = Pods_Volunteer_AppTests.framework; sourceTree = BUILT_PRODUCTS_DIR; };
		D5132445166C864DB11188F9 /* Pods-Volunteer AppTests.release.xcconfig */ = {isa = PBXFileReference; includeInIndex = 1; lastKnownFileType = text.xcconfig; name = "Pods-Volunteer AppTests.release.xcconfig"; path = "Pods/Target Support Files/Pods-Volunteer AppTests/Pods-Volunteer AppTests.release.xcconfig"; sourceTree = "<group>"; };
/* End PBXFileReference section */

/* Begin PBXFrameworksBuildPhase section */
		CFDDD6681F5B6BE40074B8AB /* Frameworks */ = {
			isa = PBXFrameworksBuildPhase;
			buildActionMask = 2147483647;
			files = (
				9D1DE802937FF3D2202361DC /* Pods_Volunteer_App.framework in Frameworks */,
			);
			runOnlyForDeploymentPostprocessing = 0;
		};
		CFDDD67C1F5B6BE40074B8AB /* Frameworks */ = {
			isa = PBXFrameworksBuildPhase;
			buildActionMask = 2147483647;
			files = (
				ED001A0E3EF48CB483F892F3 /* Pods_Volunteer_AppTests.framework in Frameworks */,
			);
			runOnlyForDeploymentPostprocessing = 0;
		};
		CFDDD6871F5B6BE40074B8AB /* Frameworks */ = {
			isa = PBXFrameworksBuildPhase;
			buildActionMask = 2147483647;
			files = (
				63FFC775C27BAA108B7DB75D /* Pods_Volunteer_AppUITests.framework in Frameworks */,
			);
			runOnlyForDeploymentPostprocessing = 0;
		};
/* End PBXFrameworksBuildPhase section */

/* Begin PBXGroup section */
		22769F6572700D9BC6D8F7ED /* Frameworks */ = {
			isa = PBXGroup;
			children = (
				A59D52752E89AFDDD9181E8F /* Pods_Volunteer_App.framework */,
				D2EC17F91D4E9CC271104A11 /* Pods_Volunteer_AppTests.framework */,
				6EF20200EBD9AB9556160495 /* Pods_Volunteer_AppUITests.framework */,
			);
			name = Frameworks;
			sourceTree = "<group>";
		};
		C2D52720823108775A12E3FC /* Pods */ = {
			isa = PBXGroup;
			children = (
				A600F7ECB29AA379BA179D1F /* Pods-Volunteer App.debug.xcconfig */,
				192B95599DBCE29C36865D18 /* Pods-Volunteer App.release.xcconfig */,
				81F2682AF9F742BAD9273EA8 /* Pods-Volunteer AppTests.debug.xcconfig */,
				D5132445166C864DB11188F9 /* Pods-Volunteer AppTests.release.xcconfig */,
				C724FE4955879701A5726F20 /* Pods-Volunteer AppUITests.debug.xcconfig */,
				0B8785F40E9CD53546796AD4 /* Pods-Volunteer AppUITests.release.xcconfig */,
			);
			name = Pods;
			sourceTree = "<group>";
		};
		CFDDD6621F5B6BE40074B8AB = {
			isa = PBXGroup;
			children = (
				CFDDD66D1F5B6BE40074B8AB /* Volunteer App */,
				CFDDD6821F5B6BE40074B8AB /* Volunteer AppTests */,
				CFDDD68D1F5B6BE40074B8AB /* Volunteer AppUITests */,
				CFDDD66C1F5B6BE40074B8AB /* Products */,
				C2D52720823108775A12E3FC /* Pods */,
				22769F6572700D9BC6D8F7ED /* Frameworks */,
			);
			sourceTree = "<group>";
		};
		CFDDD66C1F5B6BE40074B8AB /* Products */ = {
			isa = PBXGroup;
			children = (
				CFDDD66B1F5B6BE40074B8AB /* Volunteer App.app */,
				CFDDD67F1F5B6BE40074B8AB /* Volunteer AppTests.xctest */,
				CFDDD68A1F5B6BE40074B8AB /* Volunteer AppUITests.xctest */,
			);
			name = Products;
			sourceTree = "<group>";
		};
		CFDDD66D1F5B6BE40074B8AB /* Volunteer App */ = {
			isa = PBXGroup;
			children = (
				CFDDD66E1F5B6BE40074B8AB /* AppDelegate.swift */,
				CFDDD6701F5B6BE40074B8AB /* ViewController.swift */,
				CFDDD6721F5B6BE40074B8AB /* Main.storyboard */,
				CFABBDAB1F5E880A009B2B9C /* AccountView.swift */,
				CFDDD6B21F5BBF7F0074B8AB /* InitialVC.swift */,
				CFDDD69C1F5B72810074B8AB /* Volunteer.swift */,
				CFDDD6AE1F5B82DE0074B8AB /* SignUp.swift */,
				CFDDD6B01F5BBC660074B8AB /* HomePage.swift */,
				CFDDD6A91F5B76C20074B8AB /* Users.xcdatamodeld */,
				CFDDD6751F5B6BE40074B8AB /* Assets.xcassets */,
				CFDDD6771F5B6BE40074B8AB /* LaunchScreen.storyboard */,
				CFDDD67A1F5B6BE40074B8AB /* Info.plist */,
				CFB720261F63F67F00AB28FA /* GoogleService-Info.plist */,
			);
			path = "Volunteer App";
			sourceTree = "<group>";
		};
		CFDDD6821F5B6BE40074B8AB /* Volunteer AppTests */ = {
			isa = PBXGroup;
			children = (
				CFDDD6831F5B6BE40074B8AB /* Volunteer_AppTests.swift */,
				CFDDD6851F5B6BE40074B8AB /* Info.plist */,
			);
			path = "Volunteer AppTests";
			sourceTree = "<group>";
		};
		CFDDD68D1F5B6BE40074B8AB /* Volunteer AppUITests */ = {
			isa = PBXGroup;
			children = (
				CFDDD68E1F5B6BE40074B8AB /* Volunteer_AppUITests.swift */,
				CFDDD6901F5B6BE40074B8AB /* Info.plist */,
			);
			path = "Volunteer AppUITests";
			sourceTree = "<group>";
		};
/* End PBXGroup section */

/* Begin PBXNativeTarget section */
		CFDDD66A1F5B6BE40074B8AB /* Volunteer App */ = {
			isa = PBXNativeTarget;
			buildConfigurationList = CFDDD6931F5B6BE40074B8AB /* Build configuration list for PBXNativeTarget "Volunteer App" */;
			buildPhases = (
				5F4ED6636B52DDCD83D3A372 /* [CP] Check Pods Manifest.lock */,
				CFDDD6671F5B6BE40074B8AB /* Sources */,
				CFDDD6681F5B6BE40074B8AB /* Frameworks */,
				CFDDD6691F5B6BE40074B8AB /* Resources */,
				CFDDD6A81F5B767E0074B8AB /* Embed Frameworks */,
				8C4343CB2F88C44DC6051900 /* [CP] Embed Pods Frameworks */,
				7FE0C5C23544F0283E572254 /* [CP] Copy Pods Resources */,
			);
			buildRules = (
			);
			dependencies = (
			);
			name = "Volunteer App";
			productName = "Volunteer App";
			productReference = CFDDD66B1F5B6BE40074B8AB /* Volunteer App.app */;
			productType = "com.apple.product-type.application";
		};
		CFDDD67E1F5B6BE40074B8AB /* Volunteer AppTests */ = {
			isa = PBXNativeTarget;
			buildConfigurationList = CFDDD6961F5B6BE40074B8AB /* Build configuration list for PBXNativeTarget "Volunteer AppTests" */;
			buildPhases = (
				641122E28547FE4B783D06D0 /* [CP] Check Pods Manifest.lock */,
				CFDDD67B1F5B6BE40074B8AB /* Sources */,
				CFDDD67C1F5B6BE40074B8AB /* Frameworks */,
				CFDDD67D1F5B6BE40074B8AB /* Resources */,
				6C0B750346C81EEBB622E416 /* [CP] Embed Pods Frameworks */,
				0FAC3B261771FAF01B68CAC2 /* [CP] Copy Pods Resources */,
			);
			buildRules = (
			);
			dependencies = (
				CFDDD6811F5B6BE40074B8AB /* PBXTargetDependency */,
			);
			name = "Volunteer AppTests";
			productName = "Volunteer AppTests";
			productReference = CFDDD67F1F5B6BE40074B8AB /* Volunteer AppTests.xctest */;
			productType = "com.apple.product-type.bundle.unit-test";
		};
		CFDDD6891F5B6BE40074B8AB /* Volunteer AppUITests */ = {
			isa = PBXNativeTarget;
			buildConfigurationList = CFDDD6991F5B6BE40074B8AB /* Build configuration list for PBXNativeTarget "Volunteer AppUITests" */;
			buildPhases = (
				8B91DF738FC6ABE5F234C4DA /* [CP] Check Pods Manifest.lock */,
				CFDDD6861F5B6BE40074B8AB /* Sources */,
				CFDDD6871F5B6BE40074B8AB /* Frameworks */,
				CFDDD6881F5B6BE40074B8AB /* Resources */,
				967F7E7B0B881B4AF90289A6 /* [CP] Embed Pods Frameworks */,
				68D845AFF5990062C7668B17 /* [CP] Copy Pods Resources */,
			);
			buildRules = (
			);
			dependencies = (
				CFDDD68C1F5B6BE40074B8AB /* PBXTargetDependency */,
			);
			name = "Volunteer AppUITests";
			productName = "Volunteer AppUITests";
			productReference = CFDDD68A1F5B6BE40074B8AB /* Volunteer AppUITests.xctest */;
			productType = "com.apple.product-type.bundle.ui-testing";
		};
/* End PBXNativeTarget section */

/* Begin PBXProject section */
		CFDDD6631F5B6BE40074B8AB /* Project object */ = {
			isa = PBXProject;
			attributes = {
				LastSwiftUpdateCheck = 0820;
				LastUpgradeCheck = 0820;
				ORGANIZATIONNAME = "Ed Basurto";
				TargetAttributes = {
					CFDDD66A1F5B6BE40074B8AB = {
						CreatedOnToolsVersion = 8.2.1;
						DevelopmentTeam = N8BETY9XGK;
						ProvisioningStyle = Automatic;
					};
					CFDDD67E1F5B6BE40074B8AB = {
						CreatedOnToolsVersion = 8.2.1;
						ProvisioningStyle = Automatic;
						TestTargetID = CFDDD66A1F5B6BE40074B8AB;
					};
					CFDDD6891F5B6BE40074B8AB = {
						CreatedOnToolsVersion = 8.2.1;
						ProvisioningStyle = Automatic;
						TestTargetID = CFDDD66A1F5B6BE40074B8AB;
					};
				};
			};
			buildConfigurationList = CFDDD6661F5B6BE40074B8AB /* Build configuration list for PBXProject "Volunteer App" */;
			compatibilityVersion = "Xcode 3.2";
			developmentRegion = English;
			hasScannedForEncodings = 0;
			knownRegions = (
				en,
				Base,
			);
			mainGroup = CFDDD6621F5B6BE40074B8AB;
			productRefGroup = CFDDD66C1F5B6BE40074B8AB /* Products */;
			projectDirPath = "";
			projectRoot = "";
			targets = (
				CFDDD66A1F5B6BE40074B8AB /* Volunteer App */,
				CFDDD67E1F5B6BE40074B8AB /* Volunteer AppTests */,
				CFDDD6891F5B6BE40074B8AB /* Volunteer AppUITests */,
			);
		};
/* End PBXProject section */

/* Begin PBXResourcesBuildPhase section */
		CFDDD6691F5B6BE40074B8AB /* Resources */ = {
			isa = PBXResourcesBuildPhase;
			buildActionMask = 2147483647;
			files = (
				CFDDD6791F5B6BE40074B8AB /* LaunchScreen.storyboard in Resources */,
				CFB720271F63F67F00AB28FA /* GoogleService-Info.plist in Resources */,
				CFDDD6761F5B6BE40074B8AB /* Assets.xcassets in Resources */,
				CFDDD6741F5B6BE40074B8AB /* Main.storyboard in Resources */,
			);
			runOnlyForDeploymentPostprocessing = 0;
		};
		CFDDD67D1F5B6BE40074B8AB /* Resources */ = {
			isa = PBXResourcesBuildPhase;
			buildActionMask = 2147483647;
			files = (
			);
			runOnlyForDeploymentPostprocessing = 0;
		};
		CFDDD6881F5B6BE40074B8AB /* Resources */ = {
			isa = PBXResourcesBuildPhase;
			buildActionMask = 2147483647;
			files = (
			);
			runOnlyForDeploymentPostprocessing = 0;
		};
/* End PBXResourcesBuildPhase section */

/* Begin PBXShellScriptBuildPhase section */
		0FAC3B261771FAF01B68CAC2 /* [CP] Copy Pods Resources */ = {
			isa = PBXShellScriptBuildPhase;
			buildActionMask = 2147483647;
			files = (
			);
			inputPaths = (
			);
			name = "[CP] Copy Pods Resources";
			outputPaths = (
			);
			runOnlyForDeploymentPostprocessing = 0;
			shellPath = /bin/sh;
			shellScript = "\"${SRCROOT}/Pods/Target Support Files/Pods-Volunteer AppTests/Pods-Volunteer AppTests-resources.sh\"\n";
			showEnvVarsInLog = 0;
		};
		5F4ED6636B52DDCD83D3A372 /* [CP] Check Pods Manifest.lock */ = {
			isa = PBXShellScriptBuildPhase;
			buildActionMask = 2147483647;
			files = (
			);
			inputPaths = (
				"${PODS_PODFILE_DIR_PATH}/Podfile.lock",
				"${PODS_ROOT}/Manifest.lock",
			);
			name = "[CP] Check Pods Manifest.lock";
			outputPaths = (
				"$(DERIVED_FILE_DIR)/Pods-Volunteer App-checkManifestLockResult.txt",
			);
			runOnlyForDeploymentPostprocessing = 0;
			shellPath = /bin/sh;
			shellScript = "diff \"${PODS_PODFILE_DIR_PATH}/Podfile.lock\" \"${PODS_ROOT}/Manifest.lock\" > /dev/null\nif [ $? != 0 ] ; then\n    # print error to STDERR\n    echo \"error: The sandbox is not in sync with the Podfile.lock. Run 'pod install' or update your CocoaPods installation.\" >&2\n    exit 1\nfi\n# This output is used by Xcode 'outputs' to avoid re-running this script phase.\necho \"SUCCESS\" > \"${SCRIPT_OUTPUT_FILE_0}\"\n";
			showEnvVarsInLog = 0;
		};
		641122E28547FE4B783D06D0 /* [CP] Check Pods Manifest.lock */ = {
			isa = PBXShellScriptBuildPhase;
			buildActionMask = 2147483647;
			files = (
			);
			inputPaths = (
				"${PODS_PODFILE_DIR_PATH}/Podfile.lock",
				"${PODS_ROOT}/Manifest.lock",
			);
			name = "[CP] Check Pods Manifest.lock";
			outputPaths = (
				"$(DERIVED_FILE_DIR)/Pods-Volunteer AppTests-checkManifestLockResult.txt",
			);
			runOnlyForDeploymentPostprocessing = 0;
			shellPath = /bin/sh;
			shellScript = "diff \"${PODS_PODFILE_DIR_PATH}/Podfile.lock\" \"${PODS_ROOT}/Manifest.lock\" > /dev/null\nif [ $? != 0 ] ; then\n    # print error to STDERR\n    echo \"error: The sandbox is not in sync with the Podfile.lock. Run 'pod install' or update your CocoaPods installation.\" >&2\n    exit 1\nfi\n# This output is used by Xcode 'outputs' to avoid re-running this script phase.\necho \"SUCCESS\" > \"${SCRIPT_OUTPUT_FILE_0}\"\n";
			showEnvVarsInLog = 0;
		};
		68D845AFF5990062C7668B17 /* [CP] Copy Pods Resources */ = {
			isa = PBXShellScriptBuildPhase;
			buildActionMask = 2147483647;
			files = (
			);
			inputPaths = (
			);
			name = "[CP] Copy Pods Resources";
			outputPaths = (
			);
			runOnlyForDeploymentPostprocessing = 0;
			shellPath = /bin/sh;
			shellScript = "\"${SRCROOT}/Pods/Target Support Files/Pods-Volunteer AppUITests/Pods-Volunteer AppUITests-resources.sh\"\n";
			showEnvVarsInLog = 0;
		};
		6C0B750346C81EEBB622E416 /* [CP] Embed Pods Frameworks */ = {
			isa = PBXShellScriptBuildPhase;
			buildActionMask = 2147483647;
			files = (
			);
			inputPaths = (
			);
			name = "[CP] Embed Pods Frameworks";
			outputPaths = (
			);
			runOnlyForDeploymentPostprocessing = 0;
			shellPath = /bin/sh;
			shellScript = "\"${SRCROOT}/Pods/Target Support Files/Pods-Volunteer AppTests/Pods-Volunteer AppTests-frameworks.sh\"\n";
			showEnvVarsInLog = 0;
		};
		7FE0C5C23544F0283E572254 /* [CP] Copy Pods Resources */ = {
			isa = PBXShellScriptBuildPhase;
			buildActionMask = 2147483647;
			files = (
			);
			inputPaths = (
			);
			name = "[CP] Copy Pods Resources";
			outputPaths = (
			);
			runOnlyForDeploymentPostprocessing = 0;
			shellPath = /bin/sh;
			shellScript = "\"${SRCROOT}/Pods/Target Support Files/Pods-Volunteer App/Pods-Volunteer App-resources.sh\"\n";
			showEnvVarsInLog = 0;
		};
		8B91DF738FC6ABE5F234C4DA /* [CP] Check Pods Manifest.lock */ = {
			isa = PBXShellScriptBuildPhase;
			buildActionMask = 2147483647;
			files = (
			);
			inputPaths = (
				"${PODS_PODFILE_DIR_PATH}/Podfile.lock",
				"${PODS_ROOT}/Manifest.lock",
			);
			name = "[CP] Check Pods Manifest.lock";
			outputPaths = (
				"$(DERIVED_FILE_DIR)/Pods-Volunteer AppUITests-checkManifestLockResult.txt",
			);
			runOnlyForDeploymentPostprocessing = 0;
			shellPath = /bin/sh;
			shellScript = "diff \"${PODS_PODFILE_DIR_PATH}/Podfile.lock\" \"${PODS_ROOT}/Manifest.lock\" > /dev/null\nif [ $? != 0 ] ; then\n    # print error to STDERR\n    echo \"error: The sandbox is not in sync with the Podfile.lock. Run 'pod install' or update your CocoaPods installation.\" >&2\n    exit 1\nfi\n# This output is used by Xcode 'outputs' to avoid re-running this script phase.\necho \"SUCCESS\" > \"${SCRIPT_OUTPUT_FILE_0}\"\n";
			showEnvVarsInLog = 0;
		};
		8C4343CB2F88C44DC6051900 /* [CP] Embed Pods Frameworks */ = {
			isa = PBXShellScriptBuildPhase;
			buildActionMask = 2147483647;
			files = (
			);
			inputPaths = (
				"${SRCROOT}/Pods/Target Support Files/Pods-Volunteer App/Pods-Volunteer App-frameworks.sh",
				"${BUILT_PRODUCTS_DIR}/GTMSessionFetcher/GTMSessionFetcher.framework",
				"${BUILT_PRODUCTS_DIR}/GoogleToolboxForMac/GoogleToolboxForMac.framework",
				"${BUILT_PRODUCTS_DIR}/leveldb-library/leveldb.framework",
				"${BUILT_PRODUCTS_DIR}/nanopb/nanopb.framework",
			);
			name = "[CP] Embed Pods Frameworks";
			outputPaths = (
				"${TARGET_BUILD_DIR}/${FRAMEWORKS_FOLDER_PATH}/GTMSessionFetcher.framework",
				"${TARGET_BUILD_DIR}/${FRAMEWORKS_FOLDER_PATH}/GoogleToolboxForMac.framework",
				"${TARGET_BUILD_DIR}/${FRAMEWORKS_FOLDER_PATH}/leveldb.framework",
				"${TARGET_BUILD_DIR}/${FRAMEWORKS_FOLDER_PATH}/nanopb.framework",
			);
			runOnlyForDeploymentPostprocessing = 0;
			shellPath = /bin/sh;
			shellScript = "\"${SRCROOT}/Pods/Target Support Files/Pods-Volunteer App/Pods-Volunteer App-frameworks.sh\"\n";
			showEnvVarsInLog = 0;
		};
		967F7E7B0B881B4AF90289A6 /* [CP] Embed Pods Frameworks */ = {
			isa = PBXShellScriptBuildPhase;
			buildActionMask = 2147483647;
			files = (
			);
			inputPaths = (
			);
			name = "[CP] Embed Pods Frameworks";
			outputPaths = (
			);
			runOnlyForDeploymentPostprocessing = 0;
			shellPath = /bin/sh;
			shellScript = "\"${SRCROOT}/Pods/Target Support Files/Pods-Volunteer AppUITests/Pods-Volunteer AppUITests-frameworks.sh\"\n";
			showEnvVarsInLog = 0;
		};
/* End PBXShellScriptBuildPhase section */

/* Begin PBXSourcesBuildPhase section */
		CFDDD6671F5B6BE40074B8AB /* Sources */ = {
			isa = PBXSourcesBuildPhase;
			buildActionMask = 2147483647;
			files = (
				CFDDD6AF1F5B82DE0074B8AB /* SignUp.swift in Sources */,
				CFDDD6B11F5BBC660074B8AB /* HomePage.swift in Sources */,
				CFDDD6AB1F5B76C20074B8AB /* Users.xcdatamodeld in Sources */,
				CFDDD6711F5B6BE40074B8AB /* ViewController.swift in Sources */,
				CFDDD6B31F5BBF7F0074B8AB /* InitialVC.swift in Sources */,
				CFABBDAC1F5E880A009B2B9C /* AccountView.swift in Sources */,
				CFDDD66F1F5B6BE40074B8AB /* AppDelegate.swift in Sources */,
				CFDDD69D1F5B72810074B8AB /* Volunteer.swift in Sources */,
			);
			runOnlyForDeploymentPostprocessing = 0;
		};
		CFDDD67B1F5B6BE40074B8AB /* Sources */ = {
			isa = PBXSourcesBuildPhase;
			buildActionMask = 2147483647;
			files = (
				CFDDD6841F5B6BE40074B8AB /* Volunteer_AppTests.swift in Sources */,
			);
			runOnlyForDeploymentPostprocessing = 0;
		};
		CFDDD6861F5B6BE40074B8AB /* Sources */ = {
			isa = PBXSourcesBuildPhase;
			buildActionMask = 2147483647;
			files = (
				CFDDD68F1F5B6BE40074B8AB /* Volunteer_AppUITests.swift in Sources */,
			);
			runOnlyForDeploymentPostprocessing = 0;
		};
/* End PBXSourcesBuildPhase section */

/* Begin PBXTargetDependency section */
		CFDDD6811F5B6BE40074B8AB /* PBXTargetDependency */ = {
			isa = PBXTargetDependency;
			target = CFDDD66A1F5B6BE40074B8AB /* Volunteer App */;
			targetProxy = CFDDD6801F5B6BE40074B8AB /* PBXContainerItemProxy */;
		};
		CFDDD68C1F5B6BE40074B8AB /* PBXTargetDependency */ = {
			isa = PBXTargetDependency;
			target = CFDDD66A1F5B6BE40074B8AB /* Volunteer App */;
			targetProxy = CFDDD68B1F5B6BE40074B8AB /* PBXContainerItemProxy */;
		};
/* End PBXTargetDependency section */

/* Begin PBXVariantGroup section */
		CFDDD6721F5B6BE40074B8AB /* Main.storyboard */ = {
			isa = PBXVariantGroup;
			children = (
				CFDDD6731F5B6BE40074B8AB /* Base */,
			);
			name = Main.storyboard;
			sourceTree = "<group>";
		};
		CFDDD6771F5B6BE40074B8AB /* LaunchScreen.storyboard */ = {
			isa = PBXVariantGroup;
			children = (
				CFDDD6781F5B6BE40074B8AB /* Base */,
			);
			name = LaunchScreen.storyboard;
			sourceTree = "<group>";
		};
/* End PBXVariantGroup section */

/* Begin XCBuildConfiguration section */
		CFDDD6911F5B6BE40074B8AB /* Debug */ = {
			isa = XCBuildConfiguration;
			buildSettings = {
				ALWAYS_SEARCH_USER_PATHS = NO;
				CLANG_ANALYZER_NONNULL = YES;
				CLANG_CXX_LANGUAGE_STANDARD = "gnu++0x";
				CLANG_CXX_LIBRARY = "libc++";
				CLANG_ENABLE_MODULES = YES;
				CLANG_ENABLE_OBJC_ARC = YES;
				CLANG_WARN_BOOL_CONVERSION = YES;
				CLANG_WARN_CONSTANT_CONVERSION = YES;
				CLANG_WARN_DIRECT_OBJC_ISA_USAGE = YES_ERROR;
				CLANG_WARN_DOCUMENTATION_COMMENTS = YES;
				CLANG_WARN_EMPTY_BODY = YES;
				CLANG_WARN_ENUM_CONVERSION = YES;
				CLANG_WARN_INFINITE_RECURSION = YES;
				CLANG_WARN_INT_CONVERSION = YES;
				CLANG_WARN_OBJC_ROOT_CLASS = YES_ERROR;
				CLANG_WARN_SUSPICIOUS_MOVE = YES;
				CLANG_WARN_UNREACHABLE_CODE = YES;
				CLANG_WARN__DUPLICATE_METHOD_MATCH = YES;
				"CODE_SIGN_IDENTITY[sdk=iphoneos*]" = "iPhone Developer";
				COPY_PHASE_STRIP = NO;
				DEBUG_INFORMATION_FORMAT = dwarf;
				ENABLE_STRICT_OBJC_MSGSEND = YES;
				ENABLE_TESTABILITY = YES;
				GCC_C_LANGUAGE_STANDARD = gnu99;
				GCC_DYNAMIC_NO_PIC = NO;
				GCC_NO_COMMON_BLOCKS = YES;
				GCC_OPTIMIZATION_LEVEL = 0;
				GCC_PREPROCESSOR_DEFINITIONS = (
					"DEBUG=1",
					"$(inherited)",
				);
				GCC_WARN_64_TO_32_BIT_CONVERSION = YES;
				GCC_WARN_ABOUT_RETURN_TYPE = YES_ERROR;
				GCC_WARN_UNDECLARED_SELECTOR = YES;
				GCC_WARN_UNINITIALIZED_AUTOS = YES_AGGRESSIVE;
				GCC_WARN_UNUSED_FUNCTION = YES;
				GCC_WARN_UNUSED_VARIABLE = YES;
				IPHONEOS_DEPLOYMENT_TARGET = 10.2;
				MTL_ENABLE_DEBUG_INFO = YES;
				ONLY_ACTIVE_ARCH = YES;
				SDKROOT = iphoneos;
				SWIFT_ACTIVE_COMPILATION_CONDITIONS = DEBUG;
				SWIFT_OPTIMIZATION_LEVEL = "-Onone";
				TARGETED_DEVICE_FAMILY = "1,2";
			};
			name = Debug;
		};
		CFDDD6921F5B6BE40074B8AB /* Release */ = {
			isa = XCBuildConfiguration;
			buildSettings = {
				ALWAYS_SEARCH_USER_PATHS = NO;
				CLANG_ANALYZER_NONNULL = YES;
				CLANG_CXX_LANGUAGE_STANDARD = "gnu++0x";
				CLANG_CXX_LIBRARY = "libc++";
				CLANG_ENABLE_MODULES = YES;
				CLANG_ENABLE_OBJC_ARC = YES;
				CLANG_WARN_BOOL_CONVERSION = YES;
				CLANG_WARN_CONSTANT_CONVERSION = YES;
				CLANG_WARN_DIRECT_OBJC_ISA_USAGE = YES_ERROR;
				CLANG_WARN_DOCUMENTATION_COMMENTS = YES;
				CLANG_WARN_EMPTY_BODY = YES;
				CLANG_WARN_ENUM_CONVERSION = YES;
				CLANG_WARN_INFINITE_RECURSION = YES;
				CLANG_WARN_INT_CONVERSION = YES;
				CLANG_WARN_OBJC_ROOT_CLASS = YES_ERROR;
				CLANG_WARN_SUSPICIOUS_MOVE = YES;
				CLANG_WARN_UNREACHABLE_CODE = YES;
				CLANG_WARN__DUPLICATE_METHOD_MATCH = YES;
				"CODE_SIGN_IDENTITY[sdk=iphoneos*]" = "iPhone Developer";
				COPY_PHASE_STRIP = NO;
				DEBUG_INFORMATION_FORMAT = "dwarf-with-dsym";
				ENABLE_NS_ASSERTIONS = NO;
				ENABLE_STRICT_OBJC_MSGSEND = YES;
				GCC_C_LANGUAGE_STANDARD = gnu99;
				GCC_NO_COMMON_BLOCKS = YES;
				GCC_WARN_64_TO_32_BIT_CONVERSION = YES;
				GCC_WARN_ABOUT_RETURN_TYPE = YES_ERROR;
				GCC_WARN_UNDECLARED_SELECTOR = YES;
				GCC_WARN_UNINITIALIZED_AUTOS = YES_AGGRESSIVE;
				GCC_WARN_UNUSED_FUNCTION = YES;
				GCC_WARN_UNUSED_VARIABLE = YES;
				IPHONEOS_DEPLOYMENT_TARGET = 10.2;
				MTL_ENABLE_DEBUG_INFO = NO;
				SDKROOT = iphoneos;
				SWIFT_OPTIMIZATION_LEVEL = "-Owholemodule";
				TARGETED_DEVICE_FAMILY = "1,2";
				VALIDATE_PRODUCT = YES;
			};
			name = Release;
		};
		CFDDD6941F5B6BE40074B8AB /* Debug */ = {
			isa = XCBuildConfiguration;
			baseConfigurationReference = A600F7ECB29AA379BA179D1F /* Pods-Volunteer App.debug.xcconfig */;
			buildSettings = {
				ALWAYS_EMBED_SWIFT_STANDARD_LIBRARIES = YES;
				ASSETCATALOG_COMPILER_APPICON_NAME = AppIcon;
				DEVELOPMENT_TEAM = N8BETY9XGK;
				INFOPLIST_FILE = "Volunteer App/Info.plist";
				LD_RUNPATH_SEARCH_PATHS = "$(inherited) @executable_path/Frameworks";
				PRODUCT_BUNDLE_IDENTIFIER = "Ookami.Volunteer-App";
				PRODUCT_NAME = "$(TARGET_NAME)";
				SWIFT_VERSION = 3.0;
			};
			name = Debug;
		};
		CFDDD6951F5B6BE40074B8AB /* Release */ = {
			isa = XCBuildConfiguration;
			baseConfigurationReference = 192B95599DBCE29C36865D18 /* Pods-Volunteer App.release.xcconfig */;
			buildSettings = {
				ALWAYS_EMBED_SWIFT_STANDARD_LIBRARIES = YES;
				ASSETCATALOG_COMPILER_APPICON_NAME = AppIcon;
				DEVELOPMENT_TEAM = N8BETY9XGK;
				INFOPLIST_FILE = "Volunteer App/Info.plist";
				LD_RUNPATH_SEARCH_PATHS = "$(inherited) @executable_path/Frameworks";
				PRODUCT_BUNDLE_IDENTIFIER = "Ookami.Volunteer-App";
				PRODUCT_NAME = "$(TARGET_NAME)";
				SWIFT_VERSION = 3.0;
			};
			name = Release;
		};
		CFDDD6971F5B6BE40074B8AB /* Debug */ = {
			isa = XCBuildConfiguration;
			baseConfigurationReference = 81F2682AF9F742BAD9273EA8 /* Pods-Volunteer AppTests.debug.xcconfig */;
			buildSettings = {
				ALWAYS_EMBED_SWIFT_STANDARD_LIBRARIES = YES;
				BUNDLE_LOADER = "$(TEST_HOST)";
				INFOPLIST_FILE = "Volunteer AppTests/Info.plist";
				LD_RUNPATH_SEARCH_PATHS = "$(inherited) @executable_path/Frameworks @loader_path/Frameworks";
				PRODUCT_BUNDLE_IDENTIFIER = "Ookami.Volunteer-AppTests";
				PRODUCT_NAME = "$(TARGET_NAME)";
				SWIFT_VERSION = 3.0;
				TEST_HOST = "$(BUILT_PRODUCTS_DIR)/Volunteer App.app/Volunteer App";
			};
			name = Debug;
		};
		CFDDD6981F5B6BE40074B8AB /* Release */ = {
			isa = XCBuildConfiguration;
			baseConfigurationReference = D5132445166C864DB11188F9 /* Pods-Volunteer AppTests.release.xcconfig */;
			buildSettings = {
				ALWAYS_EMBED_SWIFT_STANDARD_LIBRARIES = YES;
				BUNDLE_LOADER = "$(TEST_HOST)";
				INFOPLIST_FILE = "Volunteer AppTests/Info.plist";
				LD_RUNPATH_SEARCH_PATHS = "$(inherited) @executable_path/Frameworks @loader_path/Frameworks";
				PRODUCT_BUNDLE_IDENTIFIER = "Ookami.Volunteer-AppTests";
				PRODUCT_NAME = "$(TARGET_NAME)";
				SWIFT_VERSION = 3.0;
				TEST_HOST = "$(BUILT_PRODUCTS_DIR)/Volunteer App.app/Volunteer App";
			};
			name = Release;
		};
		CFDDD69A1F5B6BE40074B8AB /* Debug */ = {
			isa = XCBuildConfiguration;
			baseConfigurationReference = C724FE4955879701A5726F20 /* Pods-Volunteer AppUITests.debug.xcconfig */;
			buildSettings = {
				ALWAYS_EMBED_SWIFT_STANDARD_LIBRARIES = YES;
				INFOPLIST_FILE = "Volunteer AppUITests/Info.plist";
				LD_RUNPATH_SEARCH_PATHS = "$(inherited) @executable_path/Frameworks @loader_path/Frameworks";
				PRODUCT_BUNDLE_IDENTIFIER = "Ookami.Volunteer-AppUITests";
				PRODUCT_NAME = "$(TARGET_NAME)";
				SWIFT_VERSION = 3.0;
				TEST_TARGET_NAME = "Volunteer App";
			};
			name = Debug;
		};
		CFDDD69B1F5B6BE40074B8AB /* Release */ = {
			isa = XCBuildConfiguration;
			baseConfigurationReference = 0B8785F40E9CD53546796AD4 /* Pods-Volunteer AppUITests.release.xcconfig */;
			buildSettings = {
				ALWAYS_EMBED_SWIFT_STANDARD_LIBRARIES = YES;
				INFOPLIST_FILE = "Volunteer AppUITests/Info.plist";
				LD_RUNPATH_SEARCH_PATHS = "$(inherited) @executable_path/Frameworks @loader_path/Frameworks";
				PRODUCT_BUNDLE_IDENTIFIER = "Ookami.Volunteer-AppUITests";
				PRODUCT_NAME = "$(TARGET_NAME)";
				SWIFT_VERSION = 3.0;
				TEST_TARGET_NAME = "Volunteer App";
			};
			name = Release;
		};
/* End XCBuildConfiguration section */

/* Begin XCConfigurationList section */
		CFDDD6661F5B6BE40074B8AB /* Build configuration list for PBXProject "Volunteer App" */ = {
			isa = XCConfigurationList;
			buildConfigurations = (
				CFDDD6911F5B6BE40074B8AB /* Debug */,
				CFDDD6921F5B6BE40074B8AB /* Release */,
			);
			defaultConfigurationIsVisible = 0;
			defaultConfigurationName = Release;
		};
		CFDDD6931F5B6BE40074B8AB /* Build configuration list for PBXNativeTarget "Volunteer App" */ = {
			isa = XCConfigurationList;
			buildConfigurations = (
				CFDDD6941F5B6BE40074B8AB /* Debug */,
				CFDDD6951F5B6BE40074B8AB /* Release */,
			);
			defaultConfigurationIsVisible = 0;
			defaultConfigurationName = Release;
		};
		CFDDD6961F5B6BE40074B8AB /* Build configuration list for PBXNativeTarget "Volunteer AppTests" */ = {
			isa = XCConfigurationList;
			buildConfigurations = (
				CFDDD6971F5B6BE40074B8AB /* Debug */,
				CFDDD6981F5B6BE40074B8AB /* Release */,
			);
			defaultConfigurationIsVisible = 0;
			defaultConfigurationName = Release;
		};
		CFDDD6991F5B6BE40074B8AB /* Build configuration list for PBXNativeTarget "Volunteer AppUITests" */ = {
			isa = XCConfigurationList;
			buildConfigurations = (
				CFDDD69A1F5B6BE40074B8AB /* Debug */,
				CFDDD69B1F5B6BE40074B8AB /* Release */,
			);
			defaultConfigurationIsVisible = 0;
			defaultConfigurationName = Release;
		};
/* End XCConfigurationList section */

/* Begin XCVersionGroup section */
		CFDDD6A91F5B76C20074B8AB /* Users.xcdatamodeld */ = {
			isa = XCVersionGroup;
			children = (
				CFDDD6AA1F5B76C20074B8AB /* Users.xcdatamodel */,
			);
			currentVersion = CFDDD6AA1F5B76C20074B8AB /* Users.xcdatamodel */;
			path = Users.xcdatamodeld;
			sourceTree = "<group>";
			versionGroupType = wrapper.xcdatamodel;
		};
/* End XCVersionGroup section */
	};
	rootObject = CFDDD6631F5B6BE40074B8AB /* Project object */;
}
