// !$*UTF8*$!
{
	archiveVersion = 1;
	classes = {
	};
	objectVersion = 46;
	objects = {

/* Begin PBXBuildFile section */
		10AC260BC46D599B6E927989 /* Pods_Volunteer_AppTests.framework in Frameworks */ = {isa = PBXBuildFile; fileRef = 62D86ECDE18A16E8E79D1CEF /* Pods_Volunteer_AppTests.framework */; };
		8215B271889087EA54441BEB /* Pods_Volunteer_App.framework in Frameworks */ = {isa = PBXBuildFile; fileRef = 451B8C2AFEBA8A32D64DADD7 /* Pods_Volunteer_App.framework */; };
		B4D950A35694EFDC2E49D86D /* Pods_Volunteer_AppUITests.framework in Frameworks */ = {isa = PBXBuildFile; fileRef = F929DC99970C0CBFA3713DD9 /* Pods_Volunteer_AppUITests.framework */; };
		CFF642201F65FAE300923993 /* AppDelegate.swift in Sources */ = {isa = PBXBuildFile; fileRef = CFF6421F1F65FAE300923993 /* AppDelegate.swift */; };
		CFF642221F65FAE300923993 /* ViewController.swift in Sources */ = {isa = PBXBuildFile; fileRef = CFF642211F65FAE300923993 /* ViewController.swift */; };
		CFF642251F65FAE300923993 /* Main.storyboard in Resources */ = {isa = PBXBuildFile; fileRef = CFF642231F65FAE300923993 /* Main.storyboard */; };
		CFF642271F65FAE300923993 /* Assets.xcassets in Resources */ = {isa = PBXBuildFile; fileRef = CFF642261F65FAE300923993 /* Assets.xcassets */; };
		CFF6422A1F65FAE300923993 /* LaunchScreen.storyboard in Resources */ = {isa = PBXBuildFile; fileRef = CFF642281F65FAE300923993 /* LaunchScreen.storyboard */; };
		CFF642351F65FAE300923993 /* Volunteer_AppTests.swift in Sources */ = {isa = PBXBuildFile; fileRef = CFF642341F65FAE300923993 /* Volunteer_AppTests.swift */; };
		CFF642401F65FAE300923993 /* Volunteer_AppUITests.swift in Sources */ = {isa = PBXBuildFile; fileRef = CFF6423F1F65FAE300923993 /* Volunteer_AppUITests.swift */; };
		CFF6424E1F65FB2300923993 /* SignUp.swift in Sources */ = {isa = PBXBuildFile; fileRef = CFF6424D1F65FB2300923993 /* SignUp.swift */; };
		CFF642501F6613E700923993 /* GoogleService-Info.plist in Resources */ = {isa = PBXBuildFile; fileRef = CFF6424F1F6613E700923993 /* GoogleService-Info.plist */; };
		CFF642611F665DA100923993 /* SignUpExtension.swift in Sources */ = {isa = PBXBuildFile; fileRef = CFF642601F665DA100923993 /* SignUpExtension.swift */; };
		CFF642631F688C6500923993 /* EnableLocationController.swift in Sources */ = {isa = PBXBuildFile; fileRef = CFF642621F688C6500923993 /* EnableLocationController.swift */; };
		CFF642651F68EC9500923993 /* Settings.swift in Sources */ = {isa = PBXBuildFile; fileRef = CFF642641F68EC9500923993 /* Settings.swift */; };
		CFF642671F690DB200923993 /* LogIn.swift in Sources */ = {isa = PBXBuildFile; fileRef = CFF642661F690DB200923993 /* LogIn.swift */; };
/* End PBXBuildFile section */

/* Begin PBXContainerItemProxy section */
		CFF642311F65FAE300923993 /* PBXContainerItemProxy */ = {
			isa = PBXContainerItemProxy;
			containerPortal = CFF642141F65FAE200923993 /* Project object */;
			proxyType = 1;
			remoteGlobalIDString = CFF6421B1F65FAE200923993;
			remoteInfo = "Volunteer-App";
		};
		CFF6423C1F65FAE300923993 /* PBXContainerItemProxy */ = {
			isa = PBXContainerItemProxy;
			containerPortal = CFF642141F65FAE200923993 /* Project object */;
			proxyType = 1;
			remoteGlobalIDString = CFF6421B1F65FAE200923993;
			remoteInfo = "Volunteer-App";
		};
/* End PBXContainerItemProxy section */

/* Begin PBXFileReference section */
		075672B9DE5CAFAF65D3787D /* Pods-Volunteer-AppTests.debug.xcconfig */ = {isa = PBXFileReference; includeInIndex = 1; lastKnownFileType = text.xcconfig; name = "Pods-Volunteer-AppTests.debug.xcconfig"; path = "Pods/Target Support Files/Pods-Volunteer-AppTests/Pods-Volunteer-AppTests.debug.xcconfig"; sourceTree = "<group>"; };
		451B8C2AFEBA8A32D64DADD7 /* Pods_Volunteer_App.framework */ = {isa = PBXFileReference; explicitFileType = wrapper.framework; includeInIndex = 0; path = Pods_Volunteer_App.framework; sourceTree = BUILT_PRODUCTS_DIR; };
		4EBB6AF0705A6ADA948D075C /* Pods-Volunteer-App.debug.xcconfig */ = {isa = PBXFileReference; includeInIndex = 1; lastKnownFileType = text.xcconfig; name = "Pods-Volunteer-App.debug.xcconfig"; path = "Pods/Target Support Files/Pods-Volunteer-App/Pods-Volunteer-App.debug.xcconfig"; sourceTree = "<group>"; };
		62D86ECDE18A16E8E79D1CEF /* Pods_Volunteer_AppTests.framework */ = {isa = PBXFileReference; explicitFileType = wrapper.framework; includeInIndex = 0; path = Pods_Volunteer_AppTests.framework; sourceTree = BUILT_PRODUCTS_DIR; };
		79C536F2CA5CD3461626DB74 /* Pods-Volunteer-AppUITests.debug.xcconfig */ = {isa = PBXFileReference; includeInIndex = 1; lastKnownFileType = text.xcconfig; name = "Pods-Volunteer-AppUITests.debug.xcconfig"; path = "Pods/Target Support Files/Pods-Volunteer-AppUITests/Pods-Volunteer-AppUITests.debug.xcconfig"; sourceTree = "<group>"; };
		C3A3349E23B370E0C6048BDA /* Pods-Volunteer-App.release.xcconfig */ = {isa = PBXFileReference; includeInIndex = 1; lastKnownFileType = text.xcconfig; name = "Pods-Volunteer-App.release.xcconfig"; path = "Pods/Target Support Files/Pods-Volunteer-App/Pods-Volunteer-App.release.xcconfig"; sourceTree = "<group>"; };
		CFF6421C1F65FAE200923993 /* Volunteer-App.app */ = {isa = PBXFileReference; explicitFileType = wrapper.application; includeInIndex = 0; path = "Volunteer-App.app"; sourceTree = BUILT_PRODUCTS_DIR; };
		CFF6421F1F65FAE300923993 /* AppDelegate.swift */ = {isa = PBXFileReference; lastKnownFileType = sourcecode.swift; path = AppDelegate.swift; sourceTree = "<group>"; };
		CFF642211F65FAE300923993 /* ViewController.swift */ = {isa = PBXFileReference; lastKnownFileType = sourcecode.swift; path = ViewController.swift; sourceTree = "<group>"; };
		CFF642241F65FAE300923993 /* Base */ = {isa = PBXFileReference; lastKnownFileType = file.storyboard; name = Base; path = Base.lproj/Main.storyboard; sourceTree = "<group>"; };
		CFF642261F65FAE300923993 /* Assets.xcassets */ = {isa = PBXFileReference; lastKnownFileType = folder.assetcatalog; path = Assets.xcassets; sourceTree = "<group>"; };
		CFF642291F65FAE300923993 /* Base */ = {isa = PBXFileReference; lastKnownFileType = file.storyboard; name = Base; path = Base.lproj/LaunchScreen.storyboard; sourceTree = "<group>"; };
		CFF6422B1F65FAE300923993 /* Info.plist */ = {isa = PBXFileReference; lastKnownFileType = text.plist.xml; path = Info.plist; sourceTree = "<group>"; };
		CFF642301F65FAE300923993 /* Volunteer-AppTests.xctest */ = {isa = PBXFileReference; explicitFileType = wrapper.cfbundle; includeInIndex = 0; path = "Volunteer-AppTests.xctest"; sourceTree = BUILT_PRODUCTS_DIR; };
		CFF642341F65FAE300923993 /* Volunteer_AppTests.swift */ = {isa = PBXFileReference; lastKnownFileType = sourcecode.swift; path = Volunteer_AppTests.swift; sourceTree = "<group>"; };
		CFF642361F65FAE300923993 /* Info.plist */ = {isa = PBXFileReference; lastKnownFileType = text.plist.xml; path = Info.plist; sourceTree = "<group>"; };
		CFF6423B1F65FAE300923993 /* Volunteer-AppUITests.xctest */ = {isa = PBXFileReference; explicitFileType = wrapper.cfbundle; includeInIndex = 0; path = "Volunteer-AppUITests.xctest"; sourceTree = BUILT_PRODUCTS_DIR; };
		CFF6423F1F65FAE300923993 /* Volunteer_AppUITests.swift */ = {isa = PBXFileReference; lastKnownFileType = sourcecode.swift; path = Volunteer_AppUITests.swift; sourceTree = "<group>"; };
		CFF642411F65FAE300923993 /* Info.plist */ = {isa = PBXFileReference; lastKnownFileType = text.plist.xml; path = Info.plist; sourceTree = "<group>"; };
		CFF6424D1F65FB2300923993 /* SignUp.swift */ = {isa = PBXFileReference; fileEncoding = 4; lastKnownFileType = sourcecode.swift; path = SignUp.swift; sourceTree = "<group>"; };
		CFF6424F1F6613E700923993 /* GoogleService-Info.plist */ = {isa = PBXFileReference; fileEncoding = 4; lastKnownFileType = text.plist.xml; path = "GoogleService-Info.plist"; sourceTree = "<group>"; };
		CFF642601F665DA100923993 /* SignUpExtension.swift */ = {isa = PBXFileReference; fileEncoding = 4; lastKnownFileType = sourcecode.swift; path = SignUpExtension.swift; sourceTree = "<group>"; };
		CFF642621F688C6500923993 /* EnableLocationController.swift */ = {isa = PBXFileReference; fileEncoding = 4; lastKnownFileType = sourcecode.swift; path = EnableLocationController.swift; sourceTree = "<group>"; };
		CFF642641F68EC9500923993 /* Settings.swift */ = {isa = PBXFileReference; fileEncoding = 4; lastKnownFileType = sourcecode.swift; path = Settings.swift; sourceTree = "<group>"; };
		CFF642661F690DB200923993 /* LogIn.swift */ = {isa = PBXFileReference; fileEncoding = 4; lastKnownFileType = sourcecode.swift; path = LogIn.swift; sourceTree = "<group>"; };
		D44C8C57BDC17D99B4301F77 /* Pods-Volunteer-AppUITests.release.xcconfig */ = {isa = PBXFileReference; includeInIndex = 1; lastKnownFileType = text.xcconfig; name = "Pods-Volunteer-AppUITests.release.xcconfig"; path = "Pods/Target Support Files/Pods-Volunteer-AppUITests/Pods-Volunteer-AppUITests.release.xcconfig"; sourceTree = "<group>"; };
		EA512B6A0B72F8A8CC7E9ED2 /* Pods-Volunteer-AppTests.release.xcconfig */ = {isa = PBXFileReference; includeInIndex = 1; lastKnownFileType = text.xcconfig; name = "Pods-Volunteer-AppTests.release.xcconfig"; path = "Pods/Target Support Files/Pods-Volunteer-AppTests/Pods-Volunteer-AppTests.release.xcconfig"; sourceTree = "<group>"; };
		F929DC99970C0CBFA3713DD9 /* Pods_Volunteer_AppUITests.framework */ = {isa = PBXFileReference; explicitFileType = wrapper.framework; includeInIndex = 0; path = Pods_Volunteer_AppUITests.framework; sourceTree = BUILT_PRODUCTS_DIR; };
/* End PBXFileReference section */

/* Begin PBXFrameworksBuildPhase section */
		CFF642191F65FAE200923993 /* Frameworks */ = {
			isa = PBXFrameworksBuildPhase;
			buildActionMask = 2147483647;
			files = (
				8215B271889087EA54441BEB /* Pods_Volunteer_App.framework in Frameworks */,
			);
			runOnlyForDeploymentPostprocessing = 0;
		};
		CFF6422D1F65FAE300923993 /* Frameworks */ = {
			isa = PBXFrameworksBuildPhase;
			buildActionMask = 2147483647;
			files = (
				10AC260BC46D599B6E927989 /* Pods_Volunteer_AppTests.framework in Frameworks */,
			);
			runOnlyForDeploymentPostprocessing = 0;
		};
		CFF642381F65FAE300923993 /* Frameworks */ = {
			isa = PBXFrameworksBuildPhase;
			buildActionMask = 2147483647;
			files = (
				B4D950A35694EFDC2E49D86D /* Pods_Volunteer_AppUITests.framework in Frameworks */,
			);
			runOnlyForDeploymentPostprocessing = 0;
		};
/* End PBXFrameworksBuildPhase section */

/* Begin PBXGroup section */
		6CE34A764FA9024BD4283CD4 /* Frameworks */ = {
			isa = PBXGroup;
			children = (
				451B8C2AFEBA8A32D64DADD7 /* Pods_Volunteer_App.framework */,
				62D86ECDE18A16E8E79D1CEF /* Pods_Volunteer_AppTests.framework */,
				F929DC99970C0CBFA3713DD9 /* Pods_Volunteer_AppUITests.framework */,
			);
			name = Frameworks;
			sourceTree = "<group>";
		};
		CC49CD96365C031CD7D4ED7A /* Pods */ = {
			isa = PBXGroup;
			children = (
				4EBB6AF0705A6ADA948D075C /* Pods-Volunteer-App.debug.xcconfig */,
				C3A3349E23B370E0C6048BDA /* Pods-Volunteer-App.release.xcconfig */,
				075672B9DE5CAFAF65D3787D /* Pods-Volunteer-AppTests.debug.xcconfig */,
				EA512B6A0B72F8A8CC7E9ED2 /* Pods-Volunteer-AppTests.release.xcconfig */,
				79C536F2CA5CD3461626DB74 /* Pods-Volunteer-AppUITests.debug.xcconfig */,
				D44C8C57BDC17D99B4301F77 /* Pods-Volunteer-AppUITests.release.xcconfig */,
			);
			name = Pods;
			sourceTree = "<group>";
		};
		CFF642131F65FAE200923993 = {
			isa = PBXGroup;
			children = (
				CFF6421E1F65FAE200923993 /* Volunteer-App */,
				CFF642331F65FAE300923993 /* Volunteer-AppTests */,
				CFF6423E1F65FAE300923993 /* Volunteer-AppUITests */,
				CFF6421D1F65FAE200923993 /* Products */,
				CC49CD96365C031CD7D4ED7A /* Pods */,
				6CE34A764FA9024BD4283CD4 /* Frameworks */,
			);
			sourceTree = "<group>";
		};
		CFF6421D1F65FAE200923993 /* Products */ = {
			isa = PBXGroup;
			children = (
				CFF6421C1F65FAE200923993 /* Volunteer-App.app */,
				CFF642301F65FAE300923993 /* Volunteer-AppTests.xctest */,
				CFF6423B1F65FAE300923993 /* Volunteer-AppUITests.xctest */,
			);
			name = Products;
			sourceTree = "<group>";
		};
		CFF6421E1F65FAE200923993 /* Volunteer-App */ = {
			isa = PBXGroup;
			children = (
				CFF6421F1F65FAE300923993 /* AppDelegate.swift */,
				CFF642211F65FAE300923993 /* ViewController.swift */,
				CFF642661F690DB200923993 /* LogIn.swift */,
				CFF642641F68EC9500923993 /* Settings.swift */,
				CFF642231F65FAE300923993 /* Main.storyboard */,
				CFF642531F66164B00923993 /* Sign Up */,
				CFF642261F65FAE300923993 /* Assets.xcassets */,
				CFF642281F65FAE300923993 /* LaunchScreen.storyboard */,
				CFF6422B1F65FAE300923993 /* Info.plist */,
				CFF6424F1F6613E700923993 /* GoogleService-Info.plist */,
			);
			path = "Volunteer-App";
			sourceTree = "<group>";
		};
		CFF642331F65FAE300923993 /* Volunteer-AppTests */ = {
			isa = PBXGroup;
			children = (
				CFF642341F65FAE300923993 /* Volunteer_AppTests.swift */,
				CFF642361F65FAE300923993 /* Info.plist */,
			);
			path = "Volunteer-AppTests";
			sourceTree = "<group>";
		};
		CFF6423E1F65FAE300923993 /* Volunteer-AppUITests */ = {
			isa = PBXGroup;
			children = (
				CFF6423F1F65FAE300923993 /* Volunteer_AppUITests.swift */,
				CFF642411F65FAE300923993 /* Info.plist */,
			);
			path = "Volunteer-AppUITests";
			sourceTree = "<group>";
		};
		CFF642531F66164B00923993 /* Sign Up */ = {
			isa = PBXGroup;
			children = (
				CFF6424D1F65FB2300923993 /* SignUp.swift */,
				CFF642621F688C6500923993 /* EnableLocationController.swift */,
				CFF642601F665DA100923993 /* SignUpExtension.swift */,
			);
			name = "Sign Up";
			sourceTree = "<group>";
		};
/* End PBXGroup section */

/* Begin PBXNativeTarget section */
		CFF6421B1F65FAE200923993 /* Volunteer-App */ = {
			isa = PBXNativeTarget;
			buildConfigurationList = CFF642441F65FAE300923993 /* Build configuration list for PBXNativeTarget "Volunteer-App" */;
			buildPhases = (
				FD25D7D8AE553E7DF14CD847 /* [CP] Check Pods Manifest.lock */,
				CFF642181F65FAE200923993 /* Sources */,
				CFF642191F65FAE200923993 /* Frameworks */,
				CFF6421A1F65FAE200923993 /* Resources */,
				650079BB2754070E7EF23C14 /* [CP] Embed Pods Frameworks */,
				5AA26A17B28322382FBA8015 /* [CP] Copy Pods Resources */,
			);
			buildRules = (
			);
			dependencies = (
			);
			name = "Volunteer-App";
			productName = "Volunteer-App";
			productReference = CFF6421C1F65FAE200923993 /* Volunteer-App.app */;
			productType = "com.apple.product-type.application";
		};
		CFF6422F1F65FAE300923993 /* Volunteer-AppTests */ = {
			isa = PBXNativeTarget;
			buildConfigurationList = CFF642471F65FAE300923993 /* Build configuration list for PBXNativeTarget "Volunteer-AppTests" */;
			buildPhases = (
				E1D2ABC1225A62008403E056 /* [CP] Check Pods Manifest.lock */,
				CFF6422C1F65FAE300923993 /* Sources */,
				CFF6422D1F65FAE300923993 /* Frameworks */,
				CFF6422E1F65FAE300923993 /* Resources */,
				9A9AD3B8AB8EBD6793F2C73E /* [CP] Embed Pods Frameworks */,
				6E4015B47C83B73F59183218 /* [CP] Copy Pods Resources */,
			);
			buildRules = (
			);
			dependencies = (
				CFF642321F65FAE300923993 /* PBXTargetDependency */,
			);
			name = "Volunteer-AppTests";
			productName = "Volunteer-AppTests";
			productReference = CFF642301F65FAE300923993 /* Volunteer-AppTests.xctest */;
			productType = "com.apple.product-type.bundle.unit-test";
		};
		CFF6423A1F65FAE300923993 /* Volunteer-AppUITests */ = {
			isa = PBXNativeTarget;
			buildConfigurationList = CFF6424A1F65FAE300923993 /* Build configuration list for PBXNativeTarget "Volunteer-AppUITests" */;
			buildPhases = (
				618D7D0B27DB480794BA48E6 /* [CP] Check Pods Manifest.lock */,
				CFF642371F65FAE300923993 /* Sources */,
				CFF642381F65FAE300923993 /* Frameworks */,
				CFF642391F65FAE300923993 /* Resources */,
				5997E1F07769FAEC6233860F /* [CP] Embed Pods Frameworks */,
				6730B16154817993B837E220 /* [CP] Copy Pods Resources */,
			);
			buildRules = (
			);
			dependencies = (
				CFF6423D1F65FAE300923993 /* PBXTargetDependency */,
			);
			name = "Volunteer-AppUITests";
			productName = "Volunteer-AppUITests";
			productReference = CFF6423B1F65FAE300923993 /* Volunteer-AppUITests.xctest */;
			productType = "com.apple.product-type.bundle.ui-testing";
		};
/* End PBXNativeTarget section */

/* Begin PBXProject section */
		CFF642141F65FAE200923993 /* Project object */ = {
			isa = PBXProject;
			attributes = {
				LastSwiftUpdateCheck = 0820;
				LastUpgradeCheck = 0820;
				ORGANIZATIONNAME = "Arpit Jasapara";
				TargetAttributes = {
					CFF6421B1F65FAE200923993 = {
						CreatedOnToolsVersion = 8.2.1;
						ProvisioningStyle = Automatic;
					};
					CFF6422F1F65FAE300923993 = {
						CreatedOnToolsVersion = 8.2.1;
						DevelopmentTeam = N8BETY9XGK;
						ProvisioningStyle = Automatic;
						TestTargetID = CFF6421B1F65FAE200923993;
					};
					CFF6423A1F65FAE300923993 = {
						CreatedOnToolsVersion = 8.2.1;
						DevelopmentTeam = N8BETY9XGK;
						ProvisioningStyle = Automatic;
						TestTargetID = CFF6421B1F65FAE200923993;
					};
				};
			};
			buildConfigurationList = CFF642171F65FAE200923993 /* Build configuration list for PBXProject "Volunteer-App" */;
			compatibilityVersion = "Xcode 3.2";
			developmentRegion = English;
			hasScannedForEncodings = 0;
			knownRegions = (
				en,
				Base,
			);
			mainGroup = CFF642131F65FAE200923993;
			productRefGroup = CFF6421D1F65FAE200923993 /* Products */;
			projectDirPath = "";
			projectRoot = "";
			targets = (
				CFF6421B1F65FAE200923993 /* Volunteer-App */,
				CFF6422F1F65FAE300923993 /* Volunteer-AppTests */,
				CFF6423A1F65FAE300923993 /* Volunteer-AppUITests */,
			);
		};
/* End PBXProject section */

/* Begin PBXResourcesBuildPhase section */
		CFF6421A1F65FAE200923993 /* Resources */ = {
			isa = PBXResourcesBuildPhase;
			buildActionMask = 2147483647;
			files = (
				CFF6422A1F65FAE300923993 /* LaunchScreen.storyboard in Resources */,
				CFF642501F6613E700923993 /* GoogleService-Info.plist in Resources */,
				CFF642271F65FAE300923993 /* Assets.xcassets in Resources */,
				CFF642251F65FAE300923993 /* Main.storyboard in Resources */,
			);
			runOnlyForDeploymentPostprocessing = 0;
		};
		CFF6422E1F65FAE300923993 /* Resources */ = {
			isa = PBXResourcesBuildPhase;
			buildActionMask = 2147483647;
			files = (
			);
			runOnlyForDeploymentPostprocessing = 0;
		};
		CFF642391F65FAE300923993 /* Resources */ = {
			isa = PBXResourcesBuildPhase;
			buildActionMask = 2147483647;
			files = (
			);
			runOnlyForDeploymentPostprocessing = 0;
		};
/* End PBXResourcesBuildPhase section */

/* Begin PBXShellScriptBuildPhase section */
		5997E1F07769FAEC6233860F /* [CP] Embed Pods Frameworks */ = {
			isa = PBXShellScriptBuildPhase;
			buildActionMask = 2147483647;
			files = (
			);
			inputPaths = (
			);
			name = "[CP] Embed Pods Frameworks";
			outputPaths = (
			);
			runOnlyForDeploymentPostprocessing = 0;
			shellPath = /bin/sh;
			shellScript = "\"${SRCROOT}/Pods/Target Support Files/Pods-Volunteer-AppUITests/Pods-Volunteer-AppUITests-frameworks.sh\"\n";
			showEnvVarsInLog = 0;
		};
		5AA26A17B28322382FBA8015 /* [CP] Copy Pods Resources */ = {
			isa = PBXShellScriptBuildPhase;
			buildActionMask = 2147483647;
			files = (
			);
			inputPaths = (
			);
			name = "[CP] Copy Pods Resources";
			outputPaths = (
			);
			runOnlyForDeploymentPostprocessing = 0;
			shellPath = /bin/sh;
			shellScript = "\"${SRCROOT}/Pods/Target Support Files/Pods-Volunteer-App/Pods-Volunteer-App-resources.sh\"\n";
			showEnvVarsInLog = 0;
		};
		618D7D0B27DB480794BA48E6 /* [CP] Check Pods Manifest.lock */ = {
			isa = PBXShellScriptBuildPhase;
			buildActionMask = 2147483647;
			files = (
			);
			inputPaths = (
				"${PODS_PODFILE_DIR_PATH}/Podfile.lock",
				"${PODS_ROOT}/Manifest.lock",
			);
			name = "[CP] Check Pods Manifest.lock";
			outputPaths = (
				"$(DERIVED_FILE_DIR)/Pods-Volunteer-AppUITests-checkManifestLockResult.txt",
			);
			runOnlyForDeploymentPostprocessing = 0;
			shellPath = /bin/sh;
			shellScript = "diff \"${PODS_PODFILE_DIR_PATH}/Podfile.lock\" \"${PODS_ROOT}/Manifest.lock\" > /dev/null\nif [ $? != 0 ] ; then\n    # print error to STDERR\n    echo \"error: The sandbox is not in sync with the Podfile.lock. Run 'pod install' or update your CocoaPods installation.\" >&2\n    exit 1\nfi\n# This output is used by Xcode 'outputs' to avoid re-running this script phase.\necho \"SUCCESS\" > \"${SCRIPT_OUTPUT_FILE_0}\"\n";
			showEnvVarsInLog = 0;
		};
		650079BB2754070E7EF23C14 /* [CP] Embed Pods Frameworks */ = {
			isa = PBXShellScriptBuildPhase;
			buildActionMask = 2147483647;
			files = (
			);
			inputPaths = (
				"${SRCROOT}/Pods/Target Support Files/Pods-Volunteer-App/Pods-Volunteer-App-frameworks.sh",
				"${BUILT_PRODUCTS_DIR}/GTMSessionFetcher/GTMSessionFetcher.framework",
				"${BUILT_PRODUCTS_DIR}/GoogleToolboxForMac/GoogleToolboxForMac.framework",
				"${BUILT_PRODUCTS_DIR}/leveldb-library/leveldb.framework",
				"${BUILT_PRODUCTS_DIR}/nanopb/nanopb.framework",
			);
			name = "[CP] Embed Pods Frameworks";
			outputPaths = (
				"${TARGET_BUILD_DIR}/${FRAMEWORKS_FOLDER_PATH}/GTMSessionFetcher.framework",
				"${TARGET_BUILD_DIR}/${FRAMEWORKS_FOLDER_PATH}/GoogleToolboxForMac.framework",
				"${TARGET_BUILD_DIR}/${FRAMEWORKS_FOLDER_PATH}/leveldb.framework",
				"${TARGET_BUILD_DIR}/${FRAMEWORKS_FOLDER_PATH}/nanopb.framework",
			);
			runOnlyForDeploymentPostprocessing = 0;
			shellPath = /bin/sh;
			shellScript = "\"${SRCROOT}/Pods/Target Support Files/Pods-Volunteer-App/Pods-Volunteer-App-frameworks.sh\"\n";
			showEnvVarsInLog = 0;
		};
		6730B16154817993B837E220 /* [CP] Copy Pods Resources */ = {
			isa = PBXShellScriptBuildPhase;
			buildActionMask = 2147483647;
			files = (
			);
			inputPaths = (
			);
			name = "[CP] Copy Pods Resources";
			outputPaths = (
			);
			runOnlyForDeploymentPostprocessing = 0;
			shellPath = /bin/sh;
			shellScript = "\"${SRCROOT}/Pods/Target Support Files/Pods-Volunteer-AppUITests/Pods-Volunteer-AppUITests-resources.sh\"\n";
			showEnvVarsInLog = 0;
		};
		6E4015B47C83B73F59183218 /* [CP] Copy Pods Resources */ = {
			isa = PBXShellScriptBuildPhase;
			buildActionMask = 2147483647;
			files = (
			);
			inputPaths = (
			);
			name = "[CP] Copy Pods Resources";
			outputPaths = (
			);
			runOnlyForDeploymentPostprocessing = 0;
			shellPath = /bin/sh;
			shellScript = "\"${SRCROOT}/Pods/Target Support Files/Pods-Volunteer-AppTests/Pods-Volunteer-AppTests-resources.sh\"\n";
			showEnvVarsInLog = 0;
		};
		9A9AD3B8AB8EBD6793F2C73E /* [CP] Embed Pods Frameworks */ = {
			isa = PBXShellScriptBuildPhase;
			buildActionMask = 2147483647;
			files = (
			);
			inputPaths = (
			);
			name = "[CP] Embed Pods Frameworks";
			outputPaths = (
			);
			runOnlyForDeploymentPostprocessing = 0;
			shellPath = /bin/sh;
			shellScript = "\"${SRCROOT}/Pods/Target Support Files/Pods-Volunteer-AppTests/Pods-Volunteer-AppTests-frameworks.sh\"\n";
			showEnvVarsInLog = 0;
		};
		E1D2ABC1225A62008403E056 /* [CP] Check Pods Manifest.lock */ = {
			isa = PBXShellScriptBuildPhase;
			buildActionMask = 2147483647;
			files = (
			);
			inputPaths = (
				"${PODS_PODFILE_DIR_PATH}/Podfile.lock",
				"${PODS_ROOT}/Manifest.lock",
			);
			name = "[CP] Check Pods Manifest.lock";
			outputPaths = (
				"$(DERIVED_FILE_DIR)/Pods-Volunteer-AppTests-checkManifestLockResult.txt",
			);
			runOnlyForDeploymentPostprocessing = 0;
			shellPath = /bin/sh;
			shellScript = "diff \"${PODS_PODFILE_DIR_PATH}/Podfile.lock\" \"${PODS_ROOT}/Manifest.lock\" > /dev/null\nif [ $? != 0 ] ; then\n    # print error to STDERR\n    echo \"error: The sandbox is not in sync with the Podfile.lock. Run 'pod install' or update your CocoaPods installation.\" >&2\n    exit 1\nfi\n# This output is used by Xcode 'outputs' to avoid re-running this script phase.\necho \"SUCCESS\" > \"${SCRIPT_OUTPUT_FILE_0}\"\n";
			showEnvVarsInLog = 0;
		};
		FD25D7D8AE553E7DF14CD847 /* [CP] Check Pods Manifest.lock */ = {
			isa = PBXShellScriptBuildPhase;
			buildActionMask = 2147483647;
			files = (
			);
			inputPaths = (
				"${PODS_PODFILE_DIR_PATH}/Podfile.lock",
				"${PODS_ROOT}/Manifest.lock",
			);
			name = "[CP] Check Pods Manifest.lock";
			outputPaths = (
				"$(DERIVED_FILE_DIR)/Pods-Volunteer-App-checkManifestLockResult.txt",
			);
			runOnlyForDeploymentPostprocessing = 0;
			shellPath = /bin/sh;
			shellScript = "diff \"${PODS_PODFILE_DIR_PATH}/Podfile.lock\" \"${PODS_ROOT}/Manifest.lock\" > /dev/null\nif [ $? != 0 ] ; then\n    # print error to STDERR\n    echo \"error: The sandbox is not in sync with the Podfile.lock. Run 'pod install' or update your CocoaPods installation.\" >&2\n    exit 1\nfi\n# This output is used by Xcode 'outputs' to avoid re-running this script phase.\necho \"SUCCESS\" > \"${SCRIPT_OUTPUT_FILE_0}\"\n";
			showEnvVarsInLog = 0;
		};
/* End PBXShellScriptBuildPhase section */

/* Begin PBXSourcesBuildPhase section */
		CFF642181F65FAE200923993 /* Sources */ = {
			isa = PBXSourcesBuildPhase;
			buildActionMask = 2147483647;
			files = (
				CFF642651F68EC9500923993 /* Settings.swift in Sources */,
				CFF642221F65FAE300923993 /* ViewController.swift in Sources */,
				CFF6424E1F65FB2300923993 /* SignUp.swift in Sources */,
				CFF642671F690DB200923993 /* LogIn.swift in Sources */,
				CFF642201F65FAE300923993 /* AppDelegate.swift in Sources */,
				CFF642631F688C6500923993 /* EnableLocationController.swift in Sources */,
				CFF642611F665DA100923993 /* SignUpExtension.swift in Sources */,
			);
			runOnlyForDeploymentPostprocessing = 0;
		};
		CFF6422C1F65FAE300923993 /* Sources */ = {
			isa = PBXSourcesBuildPhase;
			buildActionMask = 2147483647;
			files = (
				CFF642351F65FAE300923993 /* Volunteer_AppTests.swift in Sources */,
			);
			runOnlyForDeploymentPostprocessing = 0;
		};
		CFF642371F65FAE300923993 /* Sources */ = {
			isa = PBXSourcesBuildPhase;
			buildActionMask = 2147483647;
			files = (
				CFF642401F65FAE300923993 /* Volunteer_AppUITests.swift in Sources */,
			);
			runOnlyForDeploymentPostprocessing = 0;
		};
/* End PBXSourcesBuildPhase section */

/* Begin PBXTargetDependency section */
		CFF642321F65FAE300923993 /* PBXTargetDependency */ = {
			isa = PBXTargetDependency;
			target = CFF6421B1F65FAE200923993 /* Volunteer-App */;
			targetProxy = CFF642311F65FAE300923993 /* PBXContainerItemProxy */;
		};
		CFF6423D1F65FAE300923993 /* PBXTargetDependency */ = {
			isa = PBXTargetDependency;
			target = CFF6421B1F65FAE200923993 /* Volunteer-App */;
			targetProxy = CFF6423C1F65FAE300923993 /* PBXContainerItemProxy */;
		};
/* End PBXTargetDependency section */

/* Begin PBXVariantGroup section */
		CFF642231F65FAE300923993 /* Main.storyboard */ = {
			isa = PBXVariantGroup;
			children = (
				CFF642241F65FAE300923993 /* Base */,
			);
			name = Main.storyboard;
			sourceTree = "<group>";
		};
		CFF642281F65FAE300923993 /* LaunchScreen.storyboard */ = {
			isa = PBXVariantGroup;
			children = (
				CFF642291F65FAE300923993 /* Base */,
			);
			name = LaunchScreen.storyboard;
			sourceTree = "<group>";
		};
/* End PBXVariantGroup section */

/* Begin XCBuildConfiguration section */
		CFF642421F65FAE300923993 /* Debug */ = {
			isa = XCBuildConfiguration;
			buildSettings = {
				ALWAYS_SEARCH_USER_PATHS = NO;
				CLANG_ANALYZER_NONNULL = YES;
				CLANG_CXX_LANGUAGE_STANDARD = "gnu++0x";
				CLANG_CXX_LIBRARY = "libc++";
				CLANG_ENABLE_MODULES = YES;
				CLANG_ENABLE_OBJC_ARC = YES;
				CLANG_WARN_BOOL_CONVERSION = YES;
				CLANG_WARN_CONSTANT_CONVERSION = YES;
				CLANG_WARN_DIRECT_OBJC_ISA_USAGE = YES_ERROR;
				CLANG_WARN_DOCUMENTATION_COMMENTS = YES;
				CLANG_WARN_EMPTY_BODY = YES;
				CLANG_WARN_ENUM_CONVERSION = YES;
				CLANG_WARN_INFINITE_RECURSION = YES;
				CLANG_WARN_INT_CONVERSION = YES;
				CLANG_WARN_OBJC_ROOT_CLASS = YES_ERROR;
				CLANG_WARN_SUSPICIOUS_MOVE = YES;
				CLANG_WARN_UNREACHABLE_CODE = YES;
				CLANG_WARN__DUPLICATE_METHOD_MATCH = YES;
				"CODE_SIGN_IDENTITY[sdk=iphoneos*]" = "iPhone Developer";
				COPY_PHASE_STRIP = NO;
				DEBUG_INFORMATION_FORMAT = dwarf;
				ENABLE_STRICT_OBJC_MSGSEND = YES;
				ENABLE_TESTABILITY = YES;
				GCC_C_LANGUAGE_STANDARD = gnu99;
				GCC_DYNAMIC_NO_PIC = NO;
				GCC_NO_COMMON_BLOCKS = YES;
				GCC_OPTIMIZATION_LEVEL = 0;
				GCC_PREPROCESSOR_DEFINITIONS = (
					"DEBUG=1",
					"$(inherited)",
				);
				GCC_WARN_64_TO_32_BIT_CONVERSION = YES;
				GCC_WARN_ABOUT_RETURN_TYPE = YES_ERROR;
				GCC_WARN_UNDECLARED_SELECTOR = YES;
				GCC_WARN_UNINITIALIZED_AUTOS = YES_AGGRESSIVE;
				GCC_WARN_UNUSED_FUNCTION = YES;
				GCC_WARN_UNUSED_VARIABLE = YES;
				IPHONEOS_DEPLOYMENT_TARGET = 10.2;
				MTL_ENABLE_DEBUG_INFO = YES;
				ONLY_ACTIVE_ARCH = YES;
				SDKROOT = iphoneos;
				SWIFT_ACTIVE_COMPILATION_CONDITIONS = DEBUG;
				SWIFT_OPTIMIZATION_LEVEL = "-Onone";
				TARGETED_DEVICE_FAMILY = "1,2";
			};
			name = Debug;
		};
		CFF642431F65FAE300923993 /* Release */ = {
			isa = XCBuildConfiguration;
			buildSettings = {
				ALWAYS_SEARCH_USER_PATHS = NO;
				CLANG_ANALYZER_NONNULL = YES;
				CLANG_CXX_LANGUAGE_STANDARD = "gnu++0x";
				CLANG_CXX_LIBRARY = "libc++";
				CLANG_ENABLE_MODULES = YES;
				CLANG_ENABLE_OBJC_ARC = YES;
				CLANG_WARN_BOOL_CONVERSION = YES;
				CLANG_WARN_CONSTANT_CONVERSION = YES;
				CLANG_WARN_DIRECT_OBJC_ISA_USAGE = YES_ERROR;
				CLANG_WARN_DOCUMENTATION_COMMENTS = YES;
				CLANG_WARN_EMPTY_BODY = YES;
				CLANG_WARN_ENUM_CONVERSION = YES;
				CLANG_WARN_INFINITE_RECURSION = YES;
				CLANG_WARN_INT_CONVERSION = YES;
				CLANG_WARN_OBJC_ROOT_CLASS = YES_ERROR;
				CLANG_WARN_SUSPICIOUS_MOVE = YES;
				CLANG_WARN_UNREACHABLE_CODE = YES;
				CLANG_WARN__DUPLICATE_METHOD_MATCH = YES;
				"CODE_SIGN_IDENTITY[sdk=iphoneos*]" = "iPhone Developer";
				COPY_PHASE_STRIP = NO;
				DEBUG_INFORMATION_FORMAT = "dwarf-with-dsym";
				ENABLE_NS_ASSERTIONS = NO;
				ENABLE_STRICT_OBJC_MSGSEND = YES;
				GCC_C_LANGUAGE_STANDARD = gnu99;
				GCC_NO_COMMON_BLOCKS = YES;
				GCC_WARN_64_TO_32_BIT_CONVERSION = YES;
				GCC_WARN_ABOUT_RETURN_TYPE = YES_ERROR;
				GCC_WARN_UNDECLARED_SELECTOR = YES;
				GCC_WARN_UNINITIALIZED_AUTOS = YES_AGGRESSIVE;
				GCC_WARN_UNUSED_FUNCTION = YES;
				GCC_WARN_UNUSED_VARIABLE = YES;
				IPHONEOS_DEPLOYMENT_TARGET = 10.2;
				MTL_ENABLE_DEBUG_INFO = NO;
				SDKROOT = iphoneos;
				SWIFT_OPTIMIZATION_LEVEL = "-Owholemodule";
				TARGETED_DEVICE_FAMILY = "1,2";
				VALIDATE_PRODUCT = YES;
			};
			name = Release;
		};
		CFF642451F65FAE300923993 /* Debug */ = {
			isa = XCBuildConfiguration;
			baseConfigurationReference = 4EBB6AF0705A6ADA948D075C /* Pods-Volunteer-App.debug.xcconfig */;
			buildSettings = {
				ASSETCATALOG_COMPILER_APPICON_NAME = AppIcon;
				DEVELOPMENT_TEAM = "";
				INFOPLIST_FILE = "Volunteer-App/Info.plist";
				LD_RUNPATH_SEARCH_PATHS = "$(inherited) @executable_path/Frameworks";
				PRODUCT_BUNDLE_IDENTIFIER = "arpitjasapara.com.Volunteer-App";
				PRODUCT_NAME = "$(TARGET_NAME)";
				SWIFT_VERSION = 3.0;
			};
			name = Debug;
		};
		CFF642461F65FAE300923993 /* Release */ = {
			isa = XCBuildConfiguration;
			baseConfigurationReference = C3A3349E23B370E0C6048BDA /* Pods-Volunteer-App.release.xcconfig */;
			buildSettings = {
				ASSETCATALOG_COMPILER_APPICON_NAME = AppIcon;
				DEVELOPMENT_TEAM = "";
				INFOPLIST_FILE = "Volunteer-App/Info.plist";
				LD_RUNPATH_SEARCH_PATHS = "$(inherited) @executable_path/Frameworks";
				PRODUCT_BUNDLE_IDENTIFIER = "arpitjasapara.com.Volunteer-App";
				PRODUCT_NAME = "$(TARGET_NAME)";
				SWIFT_VERSION = 3.0;
			};
			name = Release;
		};
		CFF642481F65FAE300923993 /* Debug */ = {
			isa = XCBuildConfiguration;
			baseConfigurationReference = 075672B9DE5CAFAF65D3787D /* Pods-Volunteer-AppTests.debug.xcconfig */;
			buildSettings = {
				ALWAYS_EMBED_SWIFT_STANDARD_LIBRARIES = YES;
				BUNDLE_LOADER = "$(TEST_HOST)";
				DEVELOPMENT_TEAM = N8BETY9XGK;
				INFOPLIST_FILE = "Volunteer-AppTests/Info.plist";
				LD_RUNPATH_SEARCH_PATHS = "$(inherited) @executable_path/Frameworks @loader_path/Frameworks";
				PRODUCT_BUNDLE_IDENTIFIER = "Ookami.Volunteer-AppTests";
				PRODUCT_NAME = "$(TARGET_NAME)";
				SWIFT_VERSION = 3.0;
				TEST_HOST = "$(BUILT_PRODUCTS_DIR)/Volunteer-App.app/Volunteer-App";
			};
			name = Debug;
		};
		CFF642491F65FAE300923993 /* Release */ = {
			isa = XCBuildConfiguration;
			baseConfigurationReference = EA512B6A0B72F8A8CC7E9ED2 /* Pods-Volunteer-AppTests.release.xcconfig */;
			buildSettings = {
				ALWAYS_EMBED_SWIFT_STANDARD_LIBRARIES = YES;
				BUNDLE_LOADER = "$(TEST_HOST)";
				DEVELOPMENT_TEAM = N8BETY9XGK;
				INFOPLIST_FILE = "Volunteer-AppTests/Info.plist";
				LD_RUNPATH_SEARCH_PATHS = "$(inherited) @executable_path/Frameworks @loader_path/Frameworks";
				PRODUCT_BUNDLE_IDENTIFIER = "Ookami.Volunteer-AppTests";
				PRODUCT_NAME = "$(TARGET_NAME)";
				SWIFT_VERSION = 3.0;
				TEST_HOST = "$(BUILT_PRODUCTS_DIR)/Volunteer-App.app/Volunteer-App";
			};
			name = Release;
		};
		CFF6424B1F65FAE300923993 /* Debug */ = {
			isa = XCBuildConfiguration;
			baseConfigurationReference = 79C536F2CA5CD3461626DB74 /* Pods-Volunteer-AppUITests.debug.xcconfig */;
			buildSettings = {
				ALWAYS_EMBED_SWIFT_STANDARD_LIBRARIES = YES;
				DEVELOPMENT_TEAM = N8BETY9XGK;
				INFOPLIST_FILE = "Volunteer-AppUITests/Info.plist";
				LD_RUNPATH_SEARCH_PATHS = "$(inherited) @executable_path/Frameworks @loader_path/Frameworks";
				PRODUCT_BUNDLE_IDENTIFIER = "Ookami.Volunteer-AppUITests";
				PRODUCT_NAME = "$(TARGET_NAME)";
				SWIFT_VERSION = 3.0;
				TEST_TARGET_NAME = "Volunteer-App";
			};
			name = Debug;
		};
		CFF6424C1F65FAE300923993 /* Release */ = {
			isa = XCBuildConfiguration;
			baseConfigurationReference = D44C8C57BDC17D99B4301F77 /* Pods-Volunteer-AppUITests.release.xcconfig */;
			buildSettings = {
				ALWAYS_EMBED_SWIFT_STANDARD_LIBRARIES = YES;
				DEVELOPMENT_TEAM = N8BETY9XGK;
				INFOPLIST_FILE = "Volunteer-AppUITests/Info.plist";
				LD_RUNPATH_SEARCH_PATHS = "$(inherited) @executable_path/Frameworks @loader_path/Frameworks";
				PRODUCT_BUNDLE_IDENTIFIER = "Ookami.Volunteer-AppUITests";
				PRODUCT_NAME = "$(TARGET_NAME)";
				SWIFT_VERSION = 3.0;
				TEST_TARGET_NAME = "Volunteer-App";
			};
			name = Release;
		};
/* End XCBuildConfiguration section */

/* Begin XCConfigurationList section */
		CFF642171F65FAE200923993 /* Build configuration list for PBXProject "Volunteer-App" */ = {
			isa = XCConfigurationList;
			buildConfigurations = (
				CFF642421F65FAE300923993 /* Debug */,
				CFF642431F65FAE300923993 /* Release */,
			);
			defaultConfigurationIsVisible = 0;
			defaultConfigurationName = Release;
		};
		CFF642441F65FAE300923993 /* Build configuration list for PBXNativeTarget "Volunteer-App" */ = {
			isa = XCConfigurationList;
			buildConfigurations = (
				CFF642451F65FAE300923993 /* Debug */,
				CFF642461F65FAE300923993 /* Release */,
			);
			defaultConfigurationIsVisible = 0;
			defaultConfigurationName = Release;
		};
		CFF642471F65FAE300923993 /* Build configuration list for PBXNativeTarget "Volunteer-AppTests" */ = {
			isa = XCConfigurationList;
			buildConfigurations = (
				CFF642481F65FAE300923993 /* Debug */,
				CFF642491F65FAE300923993 /* Release */,
			);
			defaultConfigurationIsVisible = 0;
			defaultConfigurationName = Release;
		};
		CFF6424A1F65FAE300923993 /* Build configuration list for PBXNativeTarget "Volunteer-AppUITests" */ = {
			isa = XCConfigurationList;
			buildConfigurations = (
				CFF6424B1F65FAE300923993 /* Debug */,
				CFF6424C1F65FAE300923993 /* Release */,
			);
			defaultConfigurationIsVisible = 0;
			defaultConfigurationName = Release;
		};
/* End XCConfigurationList section */
	};
	rootObject = CFF642141F65FAE200923993 /* Project object */;
}
